version = 1
revision = 2
requires-python = ">=3.10.0, <3.11"

[[package]]
name = "certifi"
version = "2025.8.3"
source = { registry = "https://pypi.org/simple" }
sdist = { url = "https://files.pythonhosted.org/packages/dc/67/960ebe6bf230a96cda2e0abcf73af550ec4f090005363542f0765df162e0/certifi-2025.8.3.tar.gz", hash = "sha256:e564105f78ded564e3ae7c923924435e1daa7463faeab5bb932bc53ffae63407", size = 162386, upload-time = "2025-08-03T03:07:47.08Z" }
wheels = [
    { url = "https://files.pythonhosted.org/packages/e5/48/1549795ba7742c948d2ad169c1c8cdbae65bc450d6cd753d124b17c8cd32/certifi-2025.8.3-py3-none-any.whl", hash = "sha256:f6c12493cfb1b06ba2ff328595af9350c65d6644968e5d3a2ffd78699af217a5", size = 161216, upload-time = "2025-08-03T03:07:45.777Z" },
]

[[package]]
name = "colorama"
version = "0.4.6"
source = { registry = "https://pypi.org/simple" }
sdist = { url = "https://files.pythonhosted.org/packages/d8/53/6f443c9a4a8358a93a6792e2acffb9d9d5cb0a5cfd8802644b7b1c9a02e4/colorama-0.4.6.tar.gz", hash = "sha256:08695f5cb7ed6e0531a20572697297273c47b8cae5a63ffc6d6ed5c201be6e44", size = 27697, upload-time = "2022-10-25T02:36:22.414Z" }
wheels = [
    { url = "https://files.pythonhosted.org/packages/d1/d6/3965ed04c63042e047cb6a3e6ed1a63a35087b6a609aa3a15ed8ac56c221/colorama-0.4.6-py2.py3-none-any.whl", hash = "sha256:4f1d9991f5acc0ca119f9d443620b77f9d6b33703e51011c16baf57afb285fc6", size = 25335, upload-time = "2022-10-25T02:36:20.889Z" },
]

[[package]]
name = "exceptiongroup"
version = "1.3.0"
source = { registry = "https://pypi.org/simple" }
dependencies = [
    { name = "typing-extensions" },
]
sdist = { url = "https://files.pythonhosted.org/packages/0b/9f/a65090624ecf468cdca03533906e7c69ed7588582240cfe7cc9e770b50eb/exceptiongroup-1.3.0.tar.gz", hash = "sha256:b241f5885f560bc56a59ee63ca4c6a8bfa46ae4ad651af316d4e81817bb9fd88", size = 29749, upload-time = "2025-05-10T17:42:51.123Z" }
wheels = [
    { url = "https://files.pythonhosted.org/packages/36/f4/c6e662dade71f56cd2f3735141b265c3c79293c109549c1e6933b0651ffc/exceptiongroup-1.3.0-py3-none-any.whl", hash = "sha256:4d111e6e0c13d0644cad6ddaa7ed0261a0b36971f6d23e7ec9b4b9097da78a10", size = 16674, upload-time = "2025-05-10T17:42:49.33Z" },
]

[[package]]
name = "iniconfig"
version = "2.1.0"
source = { registry = "https://pypi.org/simple" }
sdist = { url = "https://files.pythonhosted.org/packages/f2/97/ebf4da567aa6827c909642694d71c9fcf53e5b504f2d96afea02718862f3/iniconfig-2.1.0.tar.gz", hash = "sha256:3abbd2e30b36733fee78f9c7f7308f2d0050e88f0087fd25c2645f63c773e1c7", size = 4793, upload-time = "2025-03-19T20:09:59.721Z" }
wheels = [
    { url = "https://files.pythonhosted.org/packages/2c/e1/e6716421ea10d38022b952c159d5161ca1193197fb744506875fbb87ea7b/iniconfig-2.1.0-py3-none-any.whl", hash = "sha256:9deba5723312380e77435581c6bf4935c94cbfab9b1ed33ef8d238ea168eb760", size = 6050, upload-time = "2025-03-19T20:10:01.071Z" },
]

[[package]]
name = "joblib"
version = "1.5.2"
source = { registry = "https://pypi.org/simple" }
sdist = { url = "https://files.pythonhosted.org/packages/e8/5d/447af5ea094b9e4c4054f82e223ada074c552335b9b4b2d14bd9b35a67c4/joblib-1.5.2.tar.gz", hash = "sha256:3faa5c39054b2f03ca547da9b2f52fde67c06240c31853f306aea97f13647b55", size = 331077, upload-time = "2025-08-27T12:15:46.575Z" }
wheels = [
    { url = "https://files.pythonhosted.org/packages/1e/e8/685f47e0d754320684db4425a0967f7d3fa70126bffd76110b7009a0090f/joblib-1.5.2-py3-none-any.whl", hash = "sha256:4e1f0bdbb987e6d843c70cf43714cb276623def372df3c22fe5266b2670bc241", size = 308396, upload-time = "2025-08-27T12:15:45.188Z" },
]

[[package]]
name = "mine-detection"
version = "0.0.1"
source = { editable = "." }
dependencies = [
    { name = "pandas" },
    { name = "pip" },
    { name = "pytest" },
    { name = "python-dotenv" },
    { name = "ruff" },
    { name = "scikit-learn" },
    { name = "ucimlrepo" },
]

[package.metadata]
requires-dist = [
    { name = "pandas", specifier = ">=2.3.2" },
    { name = "pip" },
    { name = "pytest" },
    { name = "python-dotenv" },
    { name = "ruff" },
    { name = "scikit-learn", specifier = ">=1.7.1" },
    { name = "ucimlrepo", specifier = ">=0.0.7" },
]

[[package]]
name = "numpy"
version = "2.2.6"
source = { registry = "https://pypi.org/simple" }
sdist = { url = "https://files.pythonhosted.org/packages/76/21/7d2a95e4bba9dc13d043ee156a356c0a8f0c6309dff6b21b4d71a073b8a8/numpy-2.2.6.tar.gz", hash = "sha256:e29554e2bef54a90aa5cc07da6ce955accb83f21ab5de01a62c8478897b264fd", size = 20276440, upload-time = "2025-05-17T22:38:04.611Z" }
wheels = [
    { url = "https://files.pythonhosted.org/packages/9a/3e/ed6db5be21ce87955c0cbd3009f2803f59fa08df21b5df06862e2d8e2bdd/numpy-2.2.6-cp310-cp310-macosx_10_9_x86_64.whl", hash = "sha256:b412caa66f72040e6d268491a59f2c43bf03eb6c96dd8f0307829feb7fa2b6fb", size = 21165245, upload-time = "2025-05-17T21:27:58.555Z" },
    { url = "https://files.pythonhosted.org/packages/22/c2/4b9221495b2a132cc9d2eb862e21d42a009f5a60e45fc44b00118c174bff/numpy-2.2.6-cp310-cp310-macosx_11_0_arm64.whl", hash = "sha256:8e41fd67c52b86603a91c1a505ebaef50b3314de0213461c7a6e99c9a3beff90", size = 14360048, upload-time = "2025-05-17T21:28:21.406Z" },
    { url = "https://files.pythonhosted.org/packages/fd/77/dc2fcfc66943c6410e2bf598062f5959372735ffda175b39906d54f02349/numpy-2.2.6-cp310-cp310-macosx_14_0_arm64.whl", hash = "sha256:37e990a01ae6ec7fe7fa1c26c55ecb672dd98b19c3d0e1d1f326fa13cb38d163", size = 5340542, upload-time = "2025-05-17T21:28:30.931Z" },
    { url = "https://files.pythonhosted.org/packages/7a/4f/1cb5fdc353a5f5cc7feb692db9b8ec2c3d6405453f982435efc52561df58/numpy-2.2.6-cp310-cp310-macosx_14_0_x86_64.whl", hash = "sha256:5a6429d4be8ca66d889b7cf70f536a397dc45ba6faeb5f8c5427935d9592e9cf", size = 6878301, upload-time = "2025-05-17T21:28:41.613Z" },
    { url = "https://files.pythonhosted.org/packages/eb/17/96a3acd228cec142fcb8723bd3cc39c2a474f7dcf0a5d16731980bcafa95/numpy-2.2.6-cp310-cp310-manylinux_2_17_aarch64.manylinux2014_aarch64.whl", hash = "sha256:efd28d4e9cd7d7a8d39074a4d44c63eda73401580c5c76acda2ce969e0a38e83", size = 14297320, upload-time = "2025-05-17T21:29:02.78Z" },
    { url = "https://files.pythonhosted.org/packages/b4/63/3de6a34ad7ad6646ac7d2f55ebc6ad439dbbf9c4370017c50cf403fb19b5/numpy-2.2.6-cp310-cp310-manylinux_2_17_x86_64.manylinux2014_x86_64.whl", hash = "sha256:fc7b73d02efb0e18c000e9ad8b83480dfcd5dfd11065997ed4c6747470ae8915", size = 16801050, upload-time = "2025-05-17T21:29:27.675Z" },
    { url = "https://files.pythonhosted.org/packages/07/b6/89d837eddef52b3d0cec5c6ba0456c1bf1b9ef6a6672fc2b7873c3ec4e2e/numpy-2.2.6-cp310-cp310-musllinux_1_2_aarch64.whl", hash = "sha256:74d4531beb257d2c3f4b261bfb0fc09e0f9ebb8842d82a7b4209415896adc680", size = 15807034, upload-time = "2025-05-17T21:29:51.102Z" },
    { url = "https://files.pythonhosted.org/packages/01/c8/dc6ae86e3c61cfec1f178e5c9f7858584049b6093f843bca541f94120920/numpy-2.2.6-cp310-cp310-musllinux_1_2_x86_64.whl", hash = "sha256:8fc377d995680230e83241d8a96def29f204b5782f371c532579b4f20607a289", size = 18614185, upload-time = "2025-05-17T21:30:18.703Z" },
    { url = "https://files.pythonhosted.org/packages/5b/c5/0064b1b7e7c89137b471ccec1fd2282fceaae0ab3a9550f2568782d80357/numpy-2.2.6-cp310-cp310-win32.whl", hash = "sha256:b093dd74e50a8cba3e873868d9e93a85b78e0daf2e98c6797566ad8044e8363d", size = 6527149, upload-time = "2025-05-17T21:30:29.788Z" },
    { url = "https://files.pythonhosted.org/packages/a3/dd/4b822569d6b96c39d1215dbae0582fd99954dcbcf0c1a13c61783feaca3f/numpy-2.2.6-cp310-cp310-win_amd64.whl", hash = "sha256:f0fd6321b839904e15c46e0d257fdd101dd7f530fe03fd6359c1ea63738703f3", size = 12904620, upload-time = "2025-05-17T21:30:48.994Z" },
    { url = "https://files.pythonhosted.org/packages/9e/3b/d94a75f4dbf1ef5d321523ecac21ef23a3cd2ac8b78ae2aac40873590229/numpy-2.2.6-pp310-pypy310_pp73-macosx_10_15_x86_64.whl", hash = "sha256:0b605b275d7bd0c640cad4e5d30fa701a8d59302e127e5f79138ad62762c3e3d", size = 21040391, upload-time = "2025-05-17T21:44:35.948Z" },
    { url = "https://files.pythonhosted.org/packages/17/f4/09b2fa1b58f0fb4f7c7963a1649c64c4d315752240377ed74d9cd878f7b5/numpy-2.2.6-pp310-pypy310_pp73-macosx_14_0_x86_64.whl", hash = "sha256:7befc596a7dc9da8a337f79802ee8adb30a552a94f792b9c9d18c840055907db", size = 6786754, upload-time = "2025-05-17T21:44:47.446Z" },
    { url = "https://files.pythonhosted.org/packages/af/30/feba75f143bdc868a1cc3f44ccfa6c4b9ec522b36458e738cd00f67b573f/numpy-2.2.6-pp310-pypy310_pp73-manylinux_2_17_x86_64.manylinux2014_x86_64.whl", hash = "sha256:ce47521a4754c8f4593837384bd3424880629f718d87c5d44f8ed763edd63543", size = 16643476, upload-time = "2025-05-17T21:45:11.871Z" },
    { url = "https://files.pythonhosted.org/packages/37/48/ac2a9584402fb6c0cd5b5d1a91dcf176b15760130dd386bbafdbfe3640bf/numpy-2.2.6-pp310-pypy310_pp73-win_amd64.whl", hash = "sha256:d042d24c90c41b54fd506da306759e06e568864df8ec17ccc17e9e884634fd00", size = 12812666, upload-time = "2025-05-17T21:45:31.426Z" },
]

[[package]]
name = "packaging"
version = "25.0"
source = { registry = "https://pypi.org/simple" }
sdist = { url = "https://files.pythonhosted.org/packages/a1/d4/1fc4078c65507b51b96ca8f8c3ba19e6a61c8253c72794544580a7b6c24d/packaging-25.0.tar.gz", hash = "sha256:d443872c98d677bf60f6a1f2f8c1cb748e8fe762d2bf9d3148b5599295b0fc4f", size = 165727, upload-time = "2025-04-19T11:48:59.673Z" }
wheels = [
    { url = "https://files.pythonhosted.org/packages/20/12/38679034af332785aac8774540895e234f4d07f7545804097de4b666afd8/packaging-25.0-py3-none-any.whl", hash = "sha256:29572ef2b1f17581046b3a2227d5c611fb25ec70ca1ba8554b24b0e69331a484", size = 66469, upload-time = "2025-04-19T11:48:57.875Z" },
]

[[package]]
name = "pandas"
version = "2.3.2"
source = { registry = "https://pypi.org/simple" }
dependencies = [
    { name = "numpy" },
    { name = "python-dateutil" },
    { name = "pytz" },
    { name = "tzdata" },
]
sdist = { url = "https://files.pythonhosted.org/packages/79/8e/0e90233ac205ad182bd6b422532695d2b9414944a280488105d598c70023/pandas-2.3.2.tar.gz", hash = "sha256:ab7b58f8f82706890924ccdfb5f48002b83d2b5a3845976a9fb705d36c34dcdb", size = 4488684, upload-time = "2025-08-21T10:28:29.257Z" }
wheels = [
    { url = "https://files.pythonhosted.org/packages/2e/16/a8eeb70aad84ccbf14076793f90e0031eded63c1899aeae9fdfbf37881f4/pandas-2.3.2-cp310-cp310-macosx_10_9_x86_64.whl", hash = "sha256:52bc29a946304c360561974c6542d1dd628ddafa69134a7131fdfd6a5d7a1a35", size = 11539648, upload-time = "2025-08-21T10:26:36.236Z" },
    { url = "https://files.pythonhosted.org/packages/47/f1/c5bdaea13bf3708554d93e948b7ea74121ce6e0d59537ca4c4f77731072b/pandas-2.3.2-cp310-cp310-macosx_11_0_arm64.whl", hash = "sha256:220cc5c35ffaa764dd5bb17cf42df283b5cb7fdf49e10a7b053a06c9cb48ee2b", size = 10786923, upload-time = "2025-08-21T10:26:40.518Z" },
    { url = "https://files.pythonhosted.org/packages/bb/10/811fa01476d29ffed692e735825516ad0e56d925961819e6126b4ba32147/pandas-2.3.2-cp310-cp310-manylinux_2_17_aarch64.manylinux2014_aarch64.whl", hash = "sha256:42c05e15111221384019897df20c6fe893b2f697d03c811ee67ec9e0bb5a3424", size = 11726241, upload-time = "2025-08-21T10:26:43.175Z" },
    { url = "https://files.pythonhosted.org/packages/c4/6a/40b043b06e08df1ea1b6d20f0e0c2f2c4ec8c4f07d1c92948273d943a50b/pandas-2.3.2-cp310-cp310-manylinux_2_17_x86_64.manylinux2014_x86_64.whl", hash = "sha256:cc03acc273c5515ab69f898df99d9d4f12c4d70dbfc24c3acc6203751d0804cf", size = 12349533, upload-time = "2025-08-21T10:26:46.611Z" },
    { url = "https://files.pythonhosted.org/packages/e2/ea/2e081a2302e41a9bca7056659fdd2b85ef94923723e41665b42d65afd347/pandas-2.3.2-cp310-cp310-musllinux_1_2_aarch64.whl", hash = "sha256:d25c20a03e8870f6339bcf67281b946bd20b86f1a544ebbebb87e66a8d642cba", size = 13202407, upload-time = "2025-08-21T10:26:49.068Z" },
    { url = "https://files.pythonhosted.org/packages/f4/12/7ff9f6a79e2ee8869dcf70741ef998b97ea20050fe25f83dc759764c1e32/pandas-2.3.2-cp310-cp310-musllinux_1_2_x86_64.whl", hash = "sha256:21bb612d148bb5860b7eb2c10faacf1a810799245afd342cf297d7551513fbb6", size = 13837212, upload-time = "2025-08-21T10:26:51.832Z" },
    { url = "https://files.pythonhosted.org/packages/d8/df/5ab92fcd76455a632b3db34a746e1074d432c0cdbbd28d7cd1daba46a75d/pandas-2.3.2-cp310-cp310-win_amd64.whl", hash = "sha256:b62d586eb25cb8cb70a5746a378fc3194cb7f11ea77170d59f889f5dfe3cec7a", size = 11338099, upload-time = "2025-08-21T10:26:54.382Z" },
]

[[package]]
name = "pip"
version = "25.2"
source = { registry = "https://pypi.org/simple" }
sdist = { url = "https://files.pythonhosted.org/packages/20/16/650289cd3f43d5a2fadfd98c68bd1e1e7f2550a1a5326768cddfbcedb2c5/pip-25.2.tar.gz", hash = "sha256:578283f006390f85bb6282dffb876454593d637f5d1be494b5202ce4877e71f2", size = 1840021, upload-time = "2025-07-30T21:50:15.401Z" }
wheels = [
    { url = "https://files.pythonhosted.org/packages/b7/3f/945ef7ab14dc4f9d7f40288d2df998d1837ee0888ec3659c813487572faa/pip-25.2-py3-none-any.whl", hash = "sha256:6d67a2b4e7f14d8b31b8b52648866fa717f45a1eb70e83002f4331d07e953717", size = 1752557, upload-time = "2025-07-30T21:50:13.323Z" },
]

[[package]]
name = "pluggy"
version = "1.6.0"
source = { registry = "https://pypi.org/simple" }
sdist = { url = "https://files.pythonhosted.org/packages/f9/e2/3e91f31a7d2b083fe6ef3fa267035b518369d9511ffab804f839851d2779/pluggy-1.6.0.tar.gz", hash = "sha256:7dcc130b76258d33b90f61b658791dede3486c3e6bfb003ee5c9bfb396dd22f3", size = 69412, upload-time = "2025-05-15T12:30:07.975Z" }
wheels = [
    { url = "https://files.pythonhosted.org/packages/54/20/4d324d65cc6d9205fabedc306948156824eb9f0ee1633355a8f7ec5c66bf/pluggy-1.6.0-py3-none-any.whl", hash = "sha256:e920276dd6813095e9377c0bc5566d94c932c33b27a3e3945d8389c374dd4746", size = 20538, upload-time = "2025-05-15T12:30:06.134Z" },
]

[[package]]
name = "pygments"
version = "2.19.2"
source = { registry = "https://pypi.org/simple" }
sdist = { url = "https://files.pythonhosted.org/packages/b0/77/a5b8c569bf593b0140bde72ea885a803b82086995367bf2037de0159d924/pygments-2.19.2.tar.gz", hash = "sha256:636cb2477cec7f8952536970bc533bc43743542f70392ae026374600add5b887", size = 4968631, upload-time = "2025-06-21T13:39:12.283Z" }
wheels = [
    { url = "https://files.pythonhosted.org/packages/c7/21/705964c7812476f378728bdf590ca4b771ec72385c533964653c68e86bdc/pygments-2.19.2-py3-none-any.whl", hash = "sha256:86540386c03d588bb81d44bc3928634ff26449851e99741617ecb9037ee5ec0b", size = 1225217, upload-time = "2025-06-21T13:39:07.939Z" },
]

[[package]]
name = "pytest"
version = "8.4.1"
source = { registry = "https://pypi.org/simple" }
dependencies = [
    { name = "colorama", marker = "sys_platform == 'win32'" },
    { name = "exceptiongroup" },
    { name = "iniconfig" },
    { name = "packaging" },
    { name = "pluggy" },
    { name = "pygments" },
    { name = "tomli" },
]
sdist = { url = "https://files.pythonhosted.org/packages/08/ba/45911d754e8eba3d5a841a5ce61a65a685ff1798421ac054f85aa8747dfb/pytest-8.4.1.tar.gz", hash = "sha256:7c67fd69174877359ed9371ec3af8a3d2b04741818c51e5e99cc1742251fa93c", size = 1517714, upload-time = "2025-06-18T05:48:06.109Z" }
wheels = [
    { url = "https://files.pythonhosted.org/packages/29/16/c8a903f4c4dffe7a12843191437d7cd8e32751d5de349d45d3fe69544e87/pytest-8.4.1-py3-none-any.whl", hash = "sha256:539c70ba6fcead8e78eebbf1115e8b589e7565830d7d006a8723f19ac8a0afb7", size = 365474, upload-time = "2025-06-18T05:48:03.955Z" },
]

[[package]]
name = "python-dateutil"
version = "2.9.0.post0"
source = { registry = "https://pypi.org/simple" }
dependencies = [
    { name = "six" },
]
sdist = { url = "https://files.pythonhosted.org/packages/66/c0/0c8b6ad9f17a802ee498c46e004a0eb49bc148f2fd230864601a86dcf6db/python-dateutil-2.9.0.post0.tar.gz", hash = "sha256:37dd54208da7e1cd875388217d5e00ebd4179249f90fb72437e91a35459a0ad3", size = 342432, upload-time = "2024-03-01T18:36:20.211Z" }
wheels = [
    { url = "https://files.pythonhosted.org/packages/ec/57/56b9bcc3c9c6a792fcbaf139543cee77261f3651ca9da0c93f5c1221264b/python_dateutil-2.9.0.post0-py2.py3-none-any.whl", hash = "sha256:a8b2bc7bffae282281c8140a97d3aa9c14da0b136dfe83f850eea9a5f7470427", size = 229892, upload-time = "2024-03-01T18:36:18.57Z" },
]

[[package]]
name = "python-dotenv"
version = "1.1.1"
source = { registry = "https://pypi.org/simple" }
sdist = { url = "https://files.pythonhosted.org/packages/f6/b0/4bc07ccd3572a2f9df7e6782f52b0c6c90dcbb803ac4a167702d7d0dfe1e/python_dotenv-1.1.1.tar.gz", hash = "sha256:a8a6399716257f45be6a007360200409fce5cda2661e3dec71d23dc15f6189ab", size = 41978, upload-time = "2025-06-24T04:21:07.341Z" }
wheels = [
    { url = "https://files.pythonhosted.org/packages/5f/ed/539768cf28c661b5b068d66d96a2f155c4971a5d55684a514c1a0e0dec2f/python_dotenv-1.1.1-py3-none-any.whl", hash = "sha256:31f23644fe2602f88ff55e1f5c79ba497e01224ee7737937930c448e4d0e24dc", size = 20556, upload-time = "2025-06-24T04:21:06.073Z" },
]

[[package]]
name = "pytz"
version = "2025.2"
source = { registry = "https://pypi.org/simple" }
sdist = { url = "https://files.pythonhosted.org/packages/f8/bf/abbd3cdfb8fbc7fb3d4d38d320f2441b1e7cbe29be4f23797b4a2b5d8aac/pytz-2025.2.tar.gz", hash = "sha256:360b9e3dbb49a209c21ad61809c7fb453643e048b38924c765813546746e81c3", size = 320884, upload-time = "2025-03-25T02:25:00.538Z" }
wheels = [
    { url = "https://files.pythonhosted.org/packages/81/c4/34e93fe5f5429d7570ec1fa436f1986fb1f00c3e0f43a589fe2bbcd22c3f/pytz-2025.2-py2.py3-none-any.whl", hash = "sha256:5ddf76296dd8c44c26eb8f4b6f35488f3ccbf6fbbd7adee0b7262d43f0ec2f00", size = 509225, upload-time = "2025-03-25T02:24:58.468Z" },
]

[[package]]
name = "ruff"
version = "0.12.10"
source = { registry = "https://pypi.org/simple" }
sdist = { url = "https://files.pythonhosted.org/packages/3b/eb/8c073deb376e46ae767f4961390d17545e8535921d2f65101720ed8bd434/ruff-0.12.10.tar.gz", hash = "sha256:189ab65149d11ea69a2d775343adf5f49bb2426fc4780f65ee33b423ad2e47f9", size = 5310076, upload-time = "2025-08-21T18:23:22.595Z" }
wheels = [
    { url = "https://files.pythonhosted.org/packages/24/e7/560d049d15585d6c201f9eeacd2fd130def3741323e5ccf123786e0e3c95/ruff-0.12.10-py3-none-linux_armv6l.whl", hash = "sha256:8b593cb0fb55cc8692dac7b06deb29afda78c721c7ccfed22db941201b7b8f7b", size = 11935161, upload-time = "2025-08-21T18:22:26.965Z" },
    { url = "https://files.pythonhosted.org/packages/d1/b0/ad2464922a1113c365d12b8f80ed70fcfb39764288ac77c995156080488d/ruff-0.12.10-py3-none-macosx_10_12_x86_64.whl", hash = "sha256:ebb7333a45d56efc7c110a46a69a1b32365d5c5161e7244aaf3aa20ce62399c1", size = 12660884, upload-time = "2025-08-21T18:22:30.925Z" },
    { url = "https://files.pythonhosted.org/packages/d7/f1/97f509b4108d7bae16c48389f54f005b62ce86712120fd8b2d8e88a7cb49/ruff-0.12.10-py3-none-macosx_11_0_arm64.whl", hash = "sha256:d59e58586829f8e4a9920788f6efba97a13d1fa320b047814e8afede381c6839", size = 11872754, upload-time = "2025-08-21T18:22:34.035Z" },
    { url = "https://files.pythonhosted.org/packages/12/ad/44f606d243f744a75adc432275217296095101f83f966842063d78eee2d3/ruff-0.12.10-py3-none-manylinux_2_17_aarch64.manylinux2014_aarch64.whl", hash = "sha256:822d9677b560f1fdeab69b89d1f444bf5459da4aa04e06e766cf0121771ab844", size = 12092276, upload-time = "2025-08-21T18:22:36.764Z" },
    { url = "https://files.pythonhosted.org/packages/06/1f/ed6c265e199568010197909b25c896d66e4ef2c5e1c3808caf461f6f3579/ruff-0.12.10-py3-none-manylinux_2_17_armv7l.manylinux2014_armv7l.whl", hash = "sha256:37b4a64f4062a50c75019c61c7017ff598cb444984b638511f48539d3a1c98db", size = 11734700, upload-time = "2025-08-21T18:22:39.822Z" },
    { url = "https://files.pythonhosted.org/packages/63/c5/b21cde720f54a1d1db71538c0bc9b73dee4b563a7dd7d2e404914904d7f5/ruff-0.12.10-py3-none-manylinux_2_17_i686.manylinux2014_i686.whl", hash = "sha256:2c6f4064c69d2542029b2a61d39920c85240c39837599d7f2e32e80d36401d6e", size = 13468783, upload-time = "2025-08-21T18:22:42.559Z" },
    { url = "https://files.pythonhosted.org/packages/02/9e/39369e6ac7f2a1848f22fb0b00b690492f20811a1ac5c1fd1d2798329263/ruff-0.12.10-py3-none-manylinux_2_17_ppc64.manylinux2014_ppc64.whl", hash = "sha256:059e863ea3a9ade41407ad71c1de2badfbe01539117f38f763ba42a1206f7559", size = 14436642, upload-time = "2025-08-21T18:22:45.612Z" },
    { url = "https://files.pythonhosted.org/packages/e3/03/5da8cad4b0d5242a936eb203b58318016db44f5c5d351b07e3f5e211bb89/ruff-0.12.10-py3-none-manylinux_2_17_ppc64le.manylinux2014_ppc64le.whl", hash = "sha256:1bef6161e297c68908b7218fa6e0e93e99a286e5ed9653d4be71e687dff101cf", size = 13859107, upload-time = "2025-08-21T18:22:48.886Z" },
    { url = "https://files.pythonhosted.org/packages/19/19/dd7273b69bf7f93a070c9cec9494a94048325ad18fdcf50114f07e6bf417/ruff-0.12.10-py3-none-manylinux_2_17_s390x.manylinux2014_s390x.whl", hash = "sha256:4f1345fbf8fb0531cd722285b5f15af49b2932742fc96b633e883da8d841896b", size = 12886521, upload-time = "2025-08-21T18:22:51.567Z" },
    { url = "https://files.pythonhosted.org/packages/c0/1d/b4207ec35e7babaee62c462769e77457e26eb853fbdc877af29417033333/ruff-0.12.10-py3-none-manylinux_2_17_x86_64.manylinux2014_x86_64.whl", hash = "sha256:1f68433c4fbc63efbfa3ba5db31727db229fa4e61000f452c540474b03de52a9", size = 13097528, upload-time = "2025-08-21T18:22:54.609Z" },
    { url = "https://files.pythonhosted.org/packages/ff/00/58f7b873b21114456e880b75176af3490d7a2836033779ca42f50de3b47a/ruff-0.12.10-py3-none-manylinux_2_31_riscv64.whl", hash = "sha256:141ce3d88803c625257b8a6debf4a0473eb6eed9643a6189b68838b43e78165a", size = 13080443, upload-time = "2025-08-21T18:22:57.413Z" },
    { url = "https://files.pythonhosted.org/packages/12/8c/9e6660007fb10189ccb78a02b41691288038e51e4788bf49b0a60f740604/ruff-0.12.10-py3-none-musllinux_1_2_aarch64.whl", hash = "sha256:f3fc21178cd44c98142ae7590f42ddcb587b8e09a3b849cbc84edb62ee95de60", size = 11896759, upload-time = "2025-08-21T18:23:00.473Z" },
    { url = "https://files.pythonhosted.org/packages/67/4c/6d092bb99ea9ea6ebda817a0e7ad886f42a58b4501a7e27cd97371d0ba54/ruff-0.12.10-py3-none-musllinux_1_2_armv7l.whl", hash = "sha256:7d1a4e0bdfafcd2e3e235ecf50bf0176f74dd37902f241588ae1f6c827a36c56", size = 11701463, upload-time = "2025-08-21T18:23:03.211Z" },
    { url = "https://files.pythonhosted.org/packages/59/80/d982c55e91df981f3ab62559371380616c57ffd0172d96850280c2b04fa8/ruff-0.12.10-py3-none-musllinux_1_2_i686.whl", hash = "sha256:e67d96827854f50b9e3e8327b031647e7bcc090dbe7bb11101a81a3a2cbf1cc9", size = 12691603, upload-time = "2025-08-21T18:23:06.935Z" },
    { url = "https://files.pythonhosted.org/packages/ad/37/63a9c788bbe0b0850611669ec6b8589838faf2f4f959647f2d3e320383ae/ruff-0.12.10-py3-none-musllinux_1_2_x86_64.whl", hash = "sha256:ae479e1a18b439c59138f066ae79cc0f3ee250712a873d00dbafadaad9481e5b", size = 13164356, upload-time = "2025-08-21T18:23:10.225Z" },
    { url = "https://files.pythonhosted.org/packages/47/d4/1aaa7fb201a74181989970ebccd12f88c0fc074777027e2a21de5a90657e/ruff-0.12.10-py3-none-win32.whl", hash = "sha256:9de785e95dc2f09846c5e6e1d3a3d32ecd0b283a979898ad427a9be7be22b266", size = 11896089, upload-time = "2025-08-21T18:23:14.232Z" },
    { url = "https://files.pythonhosted.org/packages/ad/14/2ad38fd4037daab9e023456a4a40ed0154e9971f8d6aed41bdea390aabd9/ruff-0.12.10-py3-none-win_amd64.whl", hash = "sha256:7837eca8787f076f67aba2ca559cefd9c5cbc3a9852fd66186f4201b87c1563e", size = 13004616, upload-time = "2025-08-21T18:23:17.422Z" },
    { url = "https://files.pythonhosted.org/packages/24/3c/21cf283d67af33a8e6ed242396863af195a8a6134ec581524fd22b9811b6/ruff-0.12.10-py3-none-win_arm64.whl", hash = "sha256:cc138cc06ed9d4bfa9d667a65af7172b47840e1a98b02ce7011c391e54635ffc", size = 12074225, upload-time = "2025-08-21T18:23:20.137Z" },
]

[[package]]
name = "scikit-learn"
version = "1.7.1"
source = { registry = "https://pypi.org/simple" }
dependencies = [
    { name = "joblib" },
    { name = "numpy" },
    { name = "scipy" },
    { name = "threadpoolctl" },
]
sdist = { url = "https://files.pythonhosted.org/packages/41/84/5f4af978fff619706b8961accac84780a6d298d82a8873446f72edb4ead0/scikit_learn-1.7.1.tar.gz", hash = "sha256:24b3f1e976a4665aa74ee0fcaac2b8fccc6ae77c8e07ab25da3ba6d3292b9802", size = 7190445, upload-time = "2025-07-18T08:01:54.5Z" }
wheels = [
    { url = "https://files.pythonhosted.org/packages/74/88/0dd5be14ef19f2d80a77780be35a33aa94e8a3b3223d80bee8892a7832b4/scikit_learn-1.7.1-cp310-cp310-macosx_10_9_x86_64.whl", hash = "sha256:406204dd4004f0517f0b23cf4b28c6245cbd51ab1b6b78153bc784def214946d", size = 9338868, upload-time = "2025-07-18T08:01:00.25Z" },
    { url = "https://files.pythonhosted.org/packages/fd/52/3056b6adb1ac58a0bc335fc2ed2fcf599974d908855e8cb0ca55f797593c/scikit_learn-1.7.1-cp310-cp310-macosx_12_0_arm64.whl", hash = "sha256:16af2e44164f05d04337fd1fc3ae7c4ea61fd9b0d527e22665346336920fe0e1", size = 8655943, upload-time = "2025-07-18T08:01:02.974Z" },
    { url = "https://files.pythonhosted.org/packages/fb/a4/e488acdece6d413f370a9589a7193dac79cd486b2e418d3276d6ea0b9305/scikit_learn-1.7.1-cp310-cp310-manylinux2014_x86_64.manylinux_2_17_x86_64.whl", hash = "sha256:2f2e78e56a40c7587dea9a28dc4a49500fa2ead366869418c66f0fd75b80885c", size = 9652056, upload-time = "2025-07-18T08:01:04.978Z" },
    { url = "https://files.pythonhosted.org/packages/18/41/bceacec1285b94eb9e4659b24db46c23346d7e22cf258d63419eb5dec6f7/scikit_learn-1.7.1-cp310-cp310-manylinux_2_27_aarch64.manylinux_2_28_aarch64.whl", hash = "sha256:b62b76ad408a821475b43b7bb90a9b1c9a4d8d125d505c2df0539f06d6e631b1", size = 9473691, upload-time = "2025-07-18T08:01:07.006Z" },
    { url = "https://files.pythonhosted.org/packages/12/7b/e1ae4b7e1dd85c4ca2694ff9cc4a9690970fd6150d81b975e6c5c6f8ee7c/scikit_learn-1.7.1-cp310-cp310-win_amd64.whl", hash = "sha256:9963b065677a4ce295e8ccdee80a1dd62b37249e667095039adcd5bce6e90deb", size = 8900873, upload-time = "2025-07-18T08:01:09.332Z" },
]

[[package]]
name = "scipy"
version = "1.15.3"
source = { registry = "https://pypi.org/simple" }
dependencies = [
    { name = "numpy" },
]
sdist = { url = "https://files.pythonhosted.org/packages/0f/37/6964b830433e654ec7485e45a00fc9a27cf868d622838f6b6d9c5ec0d532/scipy-1.15.3.tar.gz", hash = "sha256:eae3cf522bc7df64b42cad3925c876e1b0b6c35c1337c93e12c0f366f55b0eaf", size = 59419214, upload-time = "2025-05-08T16:13:05.955Z" }
wheels = [
    { url = "https://files.pythonhosted.org/packages/78/2f/4966032c5f8cc7e6a60f1b2e0ad686293b9474b65246b0c642e3ef3badd0/scipy-1.15.3-cp310-cp310-macosx_10_13_x86_64.whl", hash = "sha256:a345928c86d535060c9c2b25e71e87c39ab2f22fc96e9636bd74d1dbf9de448c", size = 38702770, upload-time = "2025-05-08T16:04:20.849Z" },
    { url = "https://files.pythonhosted.org/packages/a0/6e/0c3bf90fae0e910c274db43304ebe25a6b391327f3f10b5dcc638c090795/scipy-1.15.3-cp310-cp310-macosx_12_0_arm64.whl", hash = "sha256:ad3432cb0f9ed87477a8d97f03b763fd1d57709f1bbde3c9369b1dff5503b253", size = 30094511, upload-time = "2025-05-08T16:04:27.103Z" },
    { url = "https://files.pythonhosted.org/packages/ea/b1/4deb37252311c1acff7f101f6453f0440794f51b6eacb1aad4459a134081/scipy-1.15.3-cp310-cp310-macosx_14_0_arm64.whl", hash = "sha256:aef683a9ae6eb00728a542b796f52a5477b78252edede72b8327a886ab63293f", size = 22368151, upload-time = "2025-05-08T16:04:31.731Z" },
    { url = "https://files.pythonhosted.org/packages/38/7d/f457626e3cd3c29b3a49ca115a304cebb8cc6f31b04678f03b216899d3c6/scipy-1.15.3-cp310-cp310-macosx_14_0_x86_64.whl", hash = "sha256:1c832e1bd78dea67d5c16f786681b28dd695a8cb1fb90af2e27580d3d0967e92", size = 25121732, upload-time = "2025-05-08T16:04:36.596Z" },
    { url = "https://files.pythonhosted.org/packages/db/0a/92b1de4a7adc7a15dcf5bddc6e191f6f29ee663b30511ce20467ef9b82e4/scipy-1.15.3-cp310-cp310-manylinux_2_17_aarch64.manylinux2014_aarch64.whl", hash = "sha256:263961f658ce2165bbd7b99fa5135195c3a12d9bef045345016b8b50c315cb82", size = 35547617, upload-time = "2025-05-08T16:04:43.546Z" },
    { url = "https://files.pythonhosted.org/packages/8e/6d/41991e503e51fc1134502694c5fa7a1671501a17ffa12716a4a9151af3df/scipy-1.15.3-cp310-cp310-manylinux_2_17_x86_64.manylinux2014_x86_64.whl", hash = "sha256:9e2abc762b0811e09a0d3258abee2d98e0c703eee49464ce0069590846f31d40", size = 37662964, upload-time = "2025-05-08T16:04:49.431Z" },
    { url = "https://files.pythonhosted.org/packages/25/e1/3df8f83cb15f3500478c889be8fb18700813b95e9e087328230b98d547ff/scipy-1.15.3-cp310-cp310-musllinux_1_2_aarch64.whl", hash = "sha256:ed7284b21a7a0c8f1b6e5977ac05396c0d008b89e05498c8b7e8f4a1423bba0e", size = 37238749, upload-time = "2025-05-08T16:04:55.215Z" },
    { url = "https://files.pythonhosted.org/packages/93/3e/b3257cf446f2a3533ed7809757039016b74cd6f38271de91682aa844cfc5/scipy-1.15.3-cp310-cp310-musllinux_1_2_x86_64.whl", hash = "sha256:5380741e53df2c566f4d234b100a484b420af85deb39ea35a1cc1be84ff53a5c", size = 40022383, upload-time = "2025-05-08T16:05:01.914Z" },
    { url = "https://files.pythonhosted.org/packages/d1/84/55bc4881973d3f79b479a5a2e2df61c8c9a04fcb986a213ac9c02cfb659b/scipy-1.15.3-cp310-cp310-win_amd64.whl", hash = "sha256:9d61e97b186a57350f6d6fd72640f9e99d5a4a2b8fbf4b9ee9a841eab327dc13", size = 41259201, upload-time = "2025-05-08T16:05:08.166Z" },
]

[[package]]
name = "six"
version = "1.17.0"
source = { registry = "https://pypi.org/simple" }
sdist = { url = "https://files.pythonhosted.org/packages/94/e7/b2c673351809dca68a0e064b6af791aa332cf192da575fd474ed7d6f16a2/six-1.17.0.tar.gz", hash = "sha256:ff70335d468e7eb6ec65b95b99d3a2836546063f63acc5171de367e834932a81", size = 34031, upload-time = "2024-12-04T17:35:28.174Z" }
wheels = [
    { url = "https://files.pythonhosted.org/packages/b7/ce/149a00dd41f10bc29e5921b496af8b574d8413afcd5e30dfa0ed46c2cc5e/six-1.17.0-py2.py3-none-any.whl", hash = "sha256:4721f391ed90541fddacab5acf947aa0d3dc7d27b2e1e8eda2be8970586c3274", size = 11050, upload-time = "2024-12-04T17:35:26.475Z" },
]

[[package]]
name = "threadpoolctl"
version = "3.6.0"
source = { registry = "https://pypi.org/simple" }
sdist = { url = "https://files.pythonhosted.org/packages/b7/4d/08c89e34946fce2aec4fbb45c9016efd5f4d7f24af8e5d93296e935631d8/threadpoolctl-3.6.0.tar.gz", hash = "sha256:8ab8b4aa3491d812b623328249fab5302a68d2d71745c8a4c719a2fcaba9f44e", size = 21274, upload-time = "2025-03-13T13:49:23.031Z" }
wheels = [
    { url = "https://files.pythonhosted.org/packages/32/d5/f9a850d79b0851d1d4ef6456097579a9005b31fea68726a4ae5f2d82ddd9/threadpoolctl-3.6.0-py3-none-any.whl", hash = "sha256:43a0b8fd5a2928500110039e43a5eed8480b918967083ea48dc3ab9f13c4a7fb", size = 18638, upload-time = "2025-03-13T13:49:21.846Z" },
]

[[package]]
name = "tomli"
version = "2.2.1"
source = { registry = "https://pypi.org/simple" }
sdist = { url = "https://files.pythonhosted.org/packages/18/87/302344fed471e44a87289cf4967697d07e532f2421fdaf868a303cbae4ff/tomli-2.2.1.tar.gz", hash = "sha256:cd45e1dc79c835ce60f7404ec8119f2eb06d38b1deba146f07ced3bbc44505ff", size = 17175, upload-time = "2024-11-27T22:38:36.873Z" }
wheels = [
    { url = "https://files.pythonhosted.org/packages/6e/c2/61d3e0f47e2b74ef40a68b9e6ad5984f6241a942f7cd3bbfbdbd03861ea9/tomli-2.2.1-py3-none-any.whl", hash = "sha256:cb55c73c5f4408779d0cf3eef9f762b9c9f147a77de7b258bef0a5628adc85cc", size = 14257, upload-time = "2024-11-27T22:38:35.385Z" },
]

[[package]]
name = "typing-extensions"
version = "4.15.0"
source = { registry = "https://pypi.org/simple" }
sdist = { url = "https://files.pythonhosted.org/packages/72/94/1a15dd82efb362ac84269196e94cf00f187f7ed21c242792a923cdb1c61f/typing_extensions-4.15.0.tar.gz", hash = "sha256:0cea48d173cc12fa28ecabc3b837ea3cf6f38c6d1136f85cbaaf598984861466", size = 109391, upload-time = "2025-08-25T13:49:26.313Z" }
wheels = [
    { url = "https://files.pythonhosted.org/packages/18/67/36e9267722cc04a6b9f15c7f3441c2363321a3ea07da7ae0c0707beb2a9c/typing_extensions-4.15.0-py3-none-any.whl", hash = "sha256:f0fa19c6845758ab08074a0cfa8b7aecb71c999ca73d62883bc25cc018c4e548", size = 44614, upload-time = "2025-08-25T13:49:24.86Z" },
]

[[package]]
name = "tzdata"
version = "2025.2"
source = { registry = "https://pypi.org/simple" }
sdist = { url = "https://files.pythonhosted.org/packages/95/32/1a225d6164441be760d75c2c42e2780dc0873fe382da3e98a2e1e48361e5/tzdata-2025.2.tar.gz", hash = "sha256:b60a638fcc0daffadf82fe0f57e53d06bdec2f36c4df66280ae79bce6bd6f2b9", size = 196380, upload-time = "2025-03-23T13:54:43.652Z" }
wheels = [
    { url = "https://files.pythonhosted.org/packages/5c/23/c7abc0ca0a1526a0774eca151daeb8de62ec457e77262b66b359c3c7679e/tzdata-2025.2-py2.py3-none-any.whl", hash = "sha256:1a403fada01ff9221ca8044d701868fa132215d84beb92242d9acd2147f667a8", size = 347839, upload-time = "2025-03-23T13:54:41.845Z" },
]

[[package]]
name = "ucimlrepo"
version = "0.0.7"
source = { registry = "https://pypi.org/simple" }
dependencies = [
    { name = "certifi" },
    { name = "pandas" },
]
sdist = { url = "https://files.pythonhosted.org/packages/87/7c/f5a400cc99a5365d153609ebf803084f78b4638b0f7925aa31d9abb62b8e/ucimlrepo-0.0.7.tar.gz", hash = "sha256:4cff3f9e814367dd60956da999ace473197237b9fce4c07e9a689e77b4ffb59a", size = 9369, upload-time = "2024-05-21T06:06:41.465Z" }
wheels = [
    { url = "https://files.pythonhosted.org/packages/3b/07/1252560194df2b4fad1cb3c46081b948331c63eb1bb0b97620d508d12a53/ucimlrepo-0.0.7-py3-none-any.whl", hash = "sha256:0a5ce7e21d7ec850a0da4427c47f9dd96fcc6532f1c7e95dcec63eeb40f08026", size = 8041, upload-time = "2024-05-21T06:06:39.826Z" },
]
